// !$*UTF8*$!
{
	archiveVersion = 1;
	classes = {
	};
	objectVersion = 48;
	objects = {

/* Begin PBXBuildFile section */
		A43B1C771F8480960067B012 /* AppDelegate.swift in Sources */ = {isa = PBXBuildFile; fileRef = A43B1C761F8480960067B012 /* AppDelegate.swift */; };
		A43B1C7E1F8480960067B012 /* Assets.xcassets in Resources */ = {isa = PBXBuildFile; fileRef = A43B1C7D1F8480960067B012 /* Assets.xcassets */; };
		A43B1C8C1F8480970067B012 /* _017_iOSTrainingTests.swift in Sources */ = {isa = PBXBuildFile; fileRef = A43B1C8B1F8480970067B012 /* _017_iOSTrainingTests.swift */; };
		A4572F371F84BAE20018A5AD /* FranticApparatus.framework in Frameworks */ = {isa = PBXBuildFile; fileRef = A4572F251F84ABBC0018A5AD /* FranticApparatus.framework */; };
		A4572F381F84BAE20018A5AD /* FranticApparatus.framework in Embed Frameworks */ = {isa = PBXBuildFile; fileRef = A4572F251F84ABBC0018A5AD /* FranticApparatus.framework */; settings = {ATTRIBUTES = (CodeSignOnCopy, RemoveHeadersOnCopy, ); }; };
		A4572F3C1F84BAE20018A5AD /* Alamofire.framework in Embed Frameworks */ = {isa = PBXBuildFile; fileRef = A43B1CA11F848CAB0067B012 /* Alamofire.framework */; settings = {ATTRIBUTES = (CodeSignOnCopy, RemoveHeadersOnCopy, ); }; };
		A4572F3F1F84BBB50018A5AD /* top.storyboard in Resources */ = {isa = PBXBuildFile; fileRef = A4572F3E1F84BBB50018A5AD /* top.storyboard */; };
		A47AB4591F85FDF3002F0A5B /* flower1.jpg in Resources */ = {isa = PBXBuildFile; fileRef = A47AB4571F85FDF3002F0A5B /* flower1.jpg */; };
		A47AB46E1F8C9ED9002F0A5B /* ImageSearchService.swift in Sources */ = {isa = PBXBuildFile; fileRef = A47AB46D1F8C9ED9002F0A5B /* ImageSearchService.swift */; };
		A47AB4741F8CA4B3002F0A5B /* PhotozouAPI.swift in Sources */ = {isa = PBXBuildFile; fileRef = A47AB4731F8CA4B3002F0A5B /* PhotozouAPI.swift */; };
		A47AB4791F8CB26F002F0A5B /* PhotozouSearchPublicResultFromJSON.swift in Sources */ = {isa = PBXBuildFile; fileRef = A47AB4781F8CB26F002F0A5B /* PhotozouSearchPublicResultFromJSON.swift */; };
		A48897761F908D4A002C0FCC /* ImageSearchResult.swift in Sources */ = {isa = PBXBuildFile; fileRef = A48897751F908D4A002C0FCC /* ImageSearchResult.swift */; };
		A488977B1F90BC96002C0FCC /* Image.swift in Sources */ = {isa = PBXBuildFile; fileRef = A488977A1F90BC96002C0FCC /* Image.swift */; };
		A48BBC721F84C4D500D17FAD /* Alamofire.framework in Frameworks */ = {isa = PBXBuildFile; fileRef = A43B1CA11F848CAB0067B012 /* Alamofire.framework */; };
		A4D586BB1F84C58D00BD445B /* Quick.framework in Frameworks */ = {isa = PBXBuildFile; fileRef = A4D586B91F84C58D00BD445B /* Quick.framework */; };
		A4D586BC1F84C58D00BD445B /* Nimble.framework in Frameworks */ = {isa = PBXBuildFile; fileRef = A4D586BA1F84C58D00BD445B /* Nimble.framework */; };
		A4D586BD1F84C59400BD445B /* Nimble.framework in CopyFiles */ = {isa = PBXBuildFile; fileRef = A4D586BA1F84C58D00BD445B /* Nimble.framework */; settings = {ATTRIBUTES = (CodeSignOnCopy, RemoveHeadersOnCopy, ); }; };
		A4D586BE1F84C59400BD445B /* Quick.framework in CopyFiles */ = {isa = PBXBuildFile; fileRef = A4D586B91F84C58D00BD445B /* Quick.framework */; settings = {ATTRIBUTES = (CodeSignOnCopy, RemoveHeadersOnCopy, ); }; };
		A4D586C31F84DD7300BD445B /* TopViewController.swift in Sources */ = {isa = PBXBuildFile; fileRef = A4D586C21F84DD7300BD445B /* TopViewController.swift */; };
/* End PBXBuildFile section */

/* Begin PBXContainerItemProxy section */
		A43B1C881F8480970067B012 /* PBXContainerItemProxy */ = {
			isa = PBXContainerItemProxy;
			containerPortal = A43B1C6B1F8480960067B012 /* Project object */;
			proxyType = 1;
			remoteGlobalIDString = A43B1C721F8480960067B012;
			remoteInfo = 2017_iOSTraining;
		};
/* End PBXContainerItemProxy section */

/* Begin PBXCopyFilesBuildPhase section */
		A44C4C301F84C25F00FB0A4A /* CopyFiles */ = {
			isa = PBXCopyFilesBuildPhase;
			buildActionMask = 2147483647;
			dstPath = "";
			dstSubfolderSpec = 10;
			files = (
			);
			runOnlyForDeploymentPostprocessing = 0;
		};
		A44C4C311F84C2AA00FB0A4A /* CopyFiles */ = {
			isa = PBXCopyFilesBuildPhase;
			buildActionMask = 2147483647;
			dstPath = "";
			dstSubfolderSpec = 10;
			files = (
				A4D586BD1F84C59400BD445B /* Nimble.framework in CopyFiles */,
				A4D586BE1F84C59400BD445B /* Quick.framework in CopyFiles */,
			);
			runOnlyForDeploymentPostprocessing = 0;
		};
		A4572F3D1F84BAE20018A5AD /* Embed Frameworks */ = {
			isa = PBXCopyFilesBuildPhase;
			buildActionMask = 2147483647;
			dstPath = "";
			dstSubfolderSpec = 10;
			files = (
				A4572F3C1F84BAE20018A5AD /* Alamofire.framework in Embed Frameworks */,
				A4572F381F84BAE20018A5AD /* FranticApparatus.framework in Embed Frameworks */,
			);
			name = "Embed Frameworks";
			runOnlyForDeploymentPostprocessing = 0;
		};
/* End PBXCopyFilesBuildPhase section */

/* Begin PBXFileReference section */
		A43B1C731F8480960067B012 /* SearchPhotozouAPI.app */ = {isa = PBXFileReference; explicitFileType = wrapper.application; includeInIndex = 0; path = SearchPhotozouAPI.app; sourceTree = BUILT_PRODUCTS_DIR; };
		A43B1C761F8480960067B012 /* AppDelegate.swift */ = {isa = PBXFileReference; lastKnownFileType = sourcecode.swift; path = AppDelegate.swift; sourceTree = "<group>"; };
		A43B1C7D1F8480960067B012 /* Assets.xcassets */ = {isa = PBXFileReference; lastKnownFileType = folder.assetcatalog; path = Assets.xcassets; sourceTree = "<group>"; };
		A43B1C821F8480960067B012 /* Info.plist */ = {isa = PBXFileReference; lastKnownFileType = text.plist.xml; path = Info.plist; sourceTree = "<group>"; };
		A43B1C871F8480970067B012 /* SearchPhotozouAPITests.xctest */ = {isa = PBXFileReference; explicitFileType = wrapper.cfbundle; includeInIndex = 0; path = SearchPhotozouAPITests.xctest; sourceTree = BUILT_PRODUCTS_DIR; };
		A43B1C8B1F8480970067B012 /* _017_iOSTrainingTests.swift */ = {isa = PBXFileReference; lastKnownFileType = sourcecode.swift; path = _017_iOSTrainingTests.swift; sourceTree = "<group>"; };
		A43B1C8D1F8480970067B012 /* Info.plist */ = {isa = PBXFileReference; lastKnownFileType = text.plist.xml; path = Info.plist; sourceTree = "<group>"; };
		A43B1C961F8480BF0067B012 /* README.md */ = {isa = PBXFileReference; lastKnownFileType = net.daringfireball.markdown; path = README.md; sourceTree = "<group>"; };
		A43B1CA11F848CAB0067B012 /* Alamofire.framework */ = {isa = PBXFileReference; lastKnownFileType = wrapper.framework; name = Alamofire.framework; path = Carthage/Build/iOS/Alamofire.framework; sourceTree = "<group>"; };
		A4572F251F84ABBC0018A5AD /* FranticApparatus.framework */ = {isa = PBXFileReference; lastKnownFileType = wrapper.framework; name = FranticApparatus.framework; path = Carthage/Build/iOS/FranticApparatus.framework; sourceTree = "<group>"; };
		A4572F3E1F84BBB50018A5AD /* top.storyboard */ = {isa = PBXFileReference; lastKnownFileType = file.storyboard; path = top.storyboard; sourceTree = "<group>"; };
		A47AB4571F85FDF3002F0A5B /* flower1.jpg */ = {isa = PBXFileReference; lastKnownFileType = image.jpeg; path = flower1.jpg; sourceTree = "<group>"; };
		A47AB46D1F8C9ED9002F0A5B /* ImageSearchService.swift */ = {isa = PBXFileReference; lastKnownFileType = sourcecode.swift; path = ImageSearchService.swift; sourceTree = "<group>"; };
		A47AB4731F8CA4B3002F0A5B /* PhotozouAPI.swift */ = {isa = PBXFileReference; lastKnownFileType = sourcecode.swift; path = PhotozouAPI.swift; sourceTree = "<group>"; };
		A47AB4781F8CB26F002F0A5B /* PhotozouSearchPublicResultFromJSON.swift */ = {isa = PBXFileReference; lastKnownFileType = sourcecode.swift; path = PhotozouSearchPublicResultFromJSON.swift; sourceTree = "<group>"; };
		A48897751F908D4A002C0FCC /* ImageSearchResult.swift */ = {isa = PBXFileReference; lastKnownFileType = sourcecode.swift; path = ImageSearchResult.swift; sourceTree = "<group>"; };
		A488977A1F90BC96002C0FCC /* Image.swift */ = {isa = PBXFileReference; lastKnownFileType = sourcecode.swift; path = Image.swift; sourceTree = "<group>"; };
		A4D586B91F84C58D00BD445B /* Quick.framework */ = {isa = PBXFileReference; lastKnownFileType = wrapper.framework; name = Quick.framework; path = Carthage/Build/iOS/Quick.framework; sourceTree = "<group>"; };
		A4D586BA1F84C58D00BD445B /* Nimble.framework */ = {isa = PBXFileReference; lastKnownFileType = wrapper.framework; name = Nimble.framework; path = Carthage/Build/iOS/Nimble.framework; sourceTree = "<group>"; };
		A4D586C21F84DD7300BD445B /* TopViewController.swift */ = {isa = PBXFileReference; lastKnownFileType = sourcecode.swift; path = TopViewController.swift; sourceTree = "<group>"; };
/* End PBXFileReference section */

/* Begin PBXFrameworksBuildPhase section */
		A43B1C701F8480960067B012 /* Frameworks */ = {
			isa = PBXFrameworksBuildPhase;
			buildActionMask = 2147483647;
			files = (
				A48BBC721F84C4D500D17FAD /* Alamofire.framework in Frameworks */,
				A4572F371F84BAE20018A5AD /* FranticApparatus.framework in Frameworks */,
			);
			runOnlyForDeploymentPostprocessing = 0;
		};
		A43B1C841F8480970067B012 /* Frameworks */ = {
			isa = PBXFrameworksBuildPhase;
			buildActionMask = 2147483647;
			files = (
				A4D586BB1F84C58D00BD445B /* Quick.framework in Frameworks */,
				A4D586BC1F84C58D00BD445B /* Nimble.framework in Frameworks */,
			);
			runOnlyForDeploymentPostprocessing = 0;
		};
/* End PBXFrameworksBuildPhase section */

/* Begin PBXGroup section */
		A43B1C6A1F8480960067B012 = {
			isa = PBXGroup;
			children = (
				A43B1C961F8480BF0067B012 /* README.md */,
				A43B1C751F8480960067B012 /* SearchPhotozouAPI */,
				A43B1C8A1F8480970067B012 /* SearchPhotozouAPITests */,
				A43B1C741F8480960067B012 /* Products */,
				A43B1C971F8486A60067B012 /* Frameworks */,
			);
			sourceTree = "<group>";
		};
		A43B1C741F8480960067B012 /* Products */ = {
			isa = PBXGroup;
			children = (
				A43B1C731F8480960067B012 /* SearchPhotozouAPI.app */,
				A43B1C871F8480970067B012 /* SearchPhotozouAPITests.xctest */,
			);
			name = Products;
			sourceTree = "<group>";
		};
		A43B1C751F8480960067B012 /* SearchPhotozouAPI */ = {
			isa = PBXGroup;
			children = (
				A48897701F8F4159002C0FCC /* services */,
				A4572F291F84B5250018A5AD /* resources */,
				A4572F281F84B4EF0018A5AD /* app */,
			);
			path = SearchPhotozouAPI;
			sourceTree = "<group>";
		};
		A43B1C8A1F8480970067B012 /* SearchPhotozouAPITests */ = {
			isa = PBXGroup;
			children = (
				A43B1C8B1F8480970067B012 /* _017_iOSTrainingTests.swift */,
				A43B1C8D1F8480970067B012 /* Info.plist */,
			);
			path = SearchPhotozouAPITests;
			sourceTree = "<group>";
		};
		A43B1C971F8486A60067B012 /* Frameworks */ = {
			isa = PBXGroup;
			children = (
				A4D586BA1F84C58D00BD445B /* Nimble.framework */,
				A4D586B91F84C58D00BD445B /* Quick.framework */,
				A4572F251F84ABBC0018A5AD /* FranticApparatus.framework */,
				A43B1CA11F848CAB0067B012 /* Alamofire.framework */,
			);
			name = Frameworks;
			sourceTree = "<group>";
		};
		A4572F281F84B4EF0018A5AD /* app */ = {
			isa = PBXGroup;
			children = (
				A43B1C761F8480960067B012 /* AppDelegate.swift */,
				A4572F2C1F84B5430018A5AD /* views */,
				A4572F2B1F84B53C0018A5AD /* controllers */,
				A4572F2A1F84B5340018A5AD /* models */,
			);
			path = app;
			sourceTree = "<group>";
		};
		A4572F291F84B5250018A5AD /* resources */ = {
			isa = PBXGroup;
			children = (
				A47AB4511F85FD37002F0A5B /* SampleImages */,
				A43B1C7D1F8480960067B012 /* Assets.xcassets */,
				A43B1C821F8480960067B012 /* Info.plist */,
			);
			path = resources;
			sourceTree = "<group>";
		};
		A4572F2A1F84B5340018A5AD /* models */ = {
			isa = PBXGroup;
			children = (
				A47AB4751F8CB047002F0A5B /* Photozou */,
				A48897751F908D4A002C0FCC /* ImageSearchResult.swift */,
				A488977A1F90BC96002C0FCC /* Image.swift */,
			);
			path = models;
			sourceTree = "<group>";
		};
		A4572F2B1F84B53C0018A5AD /* controllers */ = {
			isa = PBXGroup;
			children = (
				A4D586C21F84DD7300BD445B /* TopViewController.swift */,
			);
			path = controllers;
			sourceTree = "<group>";
		};
		A4572F2C1F84B5430018A5AD /* views */ = {
			isa = PBXGroup;
			children = (
				A4572F3E1F84BBB50018A5AD /* top.storyboard */,
			);
			path = views;
			sourceTree = "<group>";
		};
		A47AB4511F85FD37002F0A5B /* SampleImages */ = {
			isa = PBXGroup;
			children = (
				A47AB4571F85FDF3002F0A5B /* flower1.jpg */,
			);
			path = SampleImages;
			sourceTree = "<group>";
		};
		A47AB4751F8CB047002F0A5B /* Photozou */ = {
			isa = PBXGroup;
			children = (
				A47AB4731F8CA4B3002F0A5B /* PhotozouAPI.swift */,
				A47AB4781F8CB26F002F0A5B /* PhotozouSearchPublicResultFromJSON.swift */,
			);
			path = Photozou;
			sourceTree = "<group>";
		};
		A48897701F8F4159002C0FCC /* services */ = {
			isa = PBXGroup;
			children = (
				A47AB46D1F8C9ED9002F0A5B /* ImageSearchService.swift */,
			);
			path = services;
			sourceTree = "<group>";
		};
/* End PBXGroup section */

/* Begin PBXNativeTarget section */
		A43B1C721F8480960067B012 /* SearchPhotozouAPI */ = {
			isa = PBXNativeTarget;
			buildConfigurationList = A43B1C901F8480970067B012 /* Build configuration list for PBXNativeTarget "SearchPhotozouAPI" */;
			buildPhases = (
				A43B1C6F1F8480960067B012 /* Sources */,
				A43B1C701F8480960067B012 /* Frameworks */,
				A43B1C711F8480960067B012 /* Resources */,
				A43B1C9A1F8486C60067B012 /* ShellScript */,
				A4572F3D1F84BAE20018A5AD /* Embed Frameworks */,
				A44C4C301F84C25F00FB0A4A /* CopyFiles */,
			);
			buildRules = (
			);
			dependencies = (
			);
			name = SearchPhotozouAPI;
			productName = 2017_iOSTraining;
			productReference = A43B1C731F8480960067B012 /* SearchPhotozouAPI.app */;
			productType = "com.apple.product-type.application";
		};
		A43B1C861F8480970067B012 /* SearchPhotozouAPITests */ = {
			isa = PBXNativeTarget;
			buildConfigurationList = A43B1C931F8480970067B012 /* Build configuration list for PBXNativeTarget "SearchPhotozouAPITests" */;
			buildPhases = (
				A43B1C831F8480970067B012 /* Sources */,
				A43B1C841F8480970067B012 /* Frameworks */,
				A43B1C851F8480970067B012 /* Resources */,
				A44C4C311F84C2AA00FB0A4A /* CopyFiles */,
			);
			buildRules = (
			);
			dependencies = (
				A43B1C891F8480970067B012 /* PBXTargetDependency */,
			);
			name = SearchPhotozouAPITests;
			productName = 2017_iOSTrainingTests;
			productReference = A43B1C871F8480970067B012 /* SearchPhotozouAPITests.xctest */;
			productType = "com.apple.product-type.bundle.unit-test";
		};
/* End PBXNativeTarget section */

/* Begin PBXProject section */
		A43B1C6B1F8480960067B012 /* Project object */ = {
			isa = PBXProject;
			attributes = {
				LastSwiftUpdateCheck = 0900;
				LastUpgradeCheck = 0900;
				ORGANIZATIONNAME = n_kamimura;
				TargetAttributes = {
					A43B1C721F8480960067B012 = {
						CreatedOnToolsVersion = 9.0;
						ProvisioningStyle = Automatic;
					};
					A43B1C861F8480970067B012 = {
						CreatedOnToolsVersion = 9.0;
						ProvisioningStyle = Automatic;
						TestTargetID = A43B1C721F8480960067B012;
					};
				};
			};
			buildConfigurationList = A43B1C6E1F8480960067B012 /* Build configuration list for PBXProject "SearchPhotozouAPI" */;
			compatibilityVersion = "Xcode 8.0";
			developmentRegion = en;
			hasScannedForEncodings = 0;
			knownRegions = (
				en,
				Base,
			);
			mainGroup = A43B1C6A1F8480960067B012;
			productRefGroup = A43B1C741F8480960067B012 /* Products */;
			projectDirPath = "";
			projectRoot = "";
			targets = (
				A43B1C721F8480960067B012 /* SearchPhotozouAPI */,
				A43B1C861F8480970067B012 /* SearchPhotozouAPITests */,
			);
		};
/* End PBXProject section */

/* Begin PBXResourcesBuildPhase section */
		A43B1C711F8480960067B012 /* Resources */ = {
			isa = PBXResourcesBuildPhase;
			buildActionMask = 2147483647;
			files = (
				A4572F3F1F84BBB50018A5AD /* top.storyboard in Resources */,
				A47AB4591F85FDF3002F0A5B /* flower1.jpg in Resources */,
				A43B1C7E1F8480960067B012 /* Assets.xcassets in Resources */,
			);
			runOnlyForDeploymentPostprocessing = 0;
		};
		A43B1C851F8480970067B012 /* Resources */ = {
			isa = PBXResourcesBuildPhase;
			buildActionMask = 2147483647;
			files = (
			);
			runOnlyForDeploymentPostprocessing = 0;
		};
/* End PBXResourcesBuildPhase section */

/* Begin PBXShellScriptBuildPhase section */
		A43B1C9A1F8486C60067B012 /* ShellScript */ = {
			isa = PBXShellScriptBuildPhase;
			buildActionMask = 12;
			files = (
			);
			inputPaths = (
				"$(SRCROOT)/Carthage/Build/iOS/Alamofire.framework",
				"$(SRCROOT)/Carthage/Build/iOS/Quick.framework",
				"$(SRCROOT)/Carthage/Build/iOS/FranticApparatus.framework",
			);
			outputPaths = (
			);
			runOnlyForDeploymentPostprocessing = 0;
			shellPath = /bin/sh;
			shellScript = "/usr/local/bin/carthage copy-frameworks";
		};
/* End PBXShellScriptBuildPhase section */

/* Begin PBXSourcesBuildPhase section */
		A43B1C6F1F8480960067B012 /* Sources */ = {
			isa = PBXSourcesBuildPhase;
			buildActionMask = 2147483647;
			files = (
				A488977B1F90BC96002C0FCC /* Image.swift in Sources */,
				A4D586C31F84DD7300BD445B /* TopViewController.swift in Sources */,
				A47AB4791F8CB26F002F0A5B /* PhotozouSearchPublicResultFromJSON.swift in Sources */,
				A47AB46E1F8C9ED9002F0A5B /* ImageSearchService.swift in Sources */,
				A47AB4741F8CA4B3002F0A5B /* PhotozouAPI.swift in Sources */,
				A43B1C771F8480960067B012 /* AppDelegate.swift in Sources */,
				A48897761F908D4A002C0FCC /* ImageSearchResult.swift in Sources */,
			);
			runOnlyForDeploymentPostprocessing = 0;
		};
		A43B1C831F8480970067B012 /* Sources */ = {
			isa = PBXSourcesBuildPhase;
			buildActionMask = 2147483647;
			files = (
				A43B1C8C1F8480970067B012 /* _017_iOSTrainingTests.swift in Sources */,
			);
			runOnlyForDeploymentPostprocessing = 0;
		};
/* End PBXSourcesBuildPhase section */

/* Begin PBXTargetDependency section */
		A43B1C891F8480970067B012 /* PBXTargetDependency */ = {
			isa = PBXTargetDependency;
			target = A43B1C721F8480960067B012 /* SearchPhotozouAPI */;
			targetProxy = A43B1C881F8480970067B012 /* PBXContainerItemProxy */;
		};
/* End PBXTargetDependency section */

/* Begin XCBuildConfiguration section */
		A43B1C8E1F8480970067B012 /* Debug */ = {
			isa = XCBuildConfiguration;
			buildSettings = {
				ALWAYS_SEARCH_USER_PATHS = NO;
				CLANG_ANALYZER_NONNULL = YES;
				CLANG_ANALYZER_NUMBER_OBJECT_CONVERSION = YES_AGGRESSIVE;
				CLANG_CXX_LANGUAGE_STANDARD = "gnu++14";
				CLANG_CXX_LIBRARY = "libc++";
				CLANG_ENABLE_MODULES = YES;
				CLANG_ENABLE_OBJC_ARC = YES;
				CLANG_WARN_BLOCK_CAPTURE_AUTORELEASING = YES;
				CLANG_WARN_BOOL_CONVERSION = YES;
				CLANG_WARN_COMMA = YES;
				CLANG_WARN_CONSTANT_CONVERSION = YES;
				CLANG_WARN_DIRECT_OBJC_ISA_USAGE = YES_ERROR;
				CLANG_WARN_DOCUMENTATION_COMMENTS = YES;
				CLANG_WARN_EMPTY_BODY = YES;
				CLANG_WARN_ENUM_CONVERSION = YES;
				CLANG_WARN_INFINITE_RECURSION = YES;
				CLANG_WARN_INT_CONVERSION = YES;
				CLANG_WARN_NON_LITERAL_NULL_CONVERSION = YES;
				CLANG_WARN_OBJC_LITERAL_CONVERSION = YES;
				CLANG_WARN_OBJC_ROOT_CLASS = YES_ERROR;
				CLANG_WARN_RANGE_LOOP_ANALYSIS = YES;
				CLANG_WARN_STRICT_PROTOTYPES = YES;
				CLANG_WARN_SUSPICIOUS_MOVE = YES;
				CLANG_WARN_UNGUARDED_AVAILABILITY = YES_AGGRESSIVE;
				CLANG_WARN_UNREACHABLE_CODE = YES;
				CLANG_WARN__DUPLICATE_METHOD_MATCH = YES;
				CODE_SIGN_IDENTITY = "iPhone Developer";
				COPY_PHASE_STRIP = NO;
				DEBUG_INFORMATION_FORMAT = dwarf;
				ENABLE_STRICT_OBJC_MSGSEND = YES;
				ENABLE_TESTABILITY = YES;
				GCC_C_LANGUAGE_STANDARD = gnu11;
				GCC_DYNAMIC_NO_PIC = NO;
				GCC_NO_COMMON_BLOCKS = YES;
				GCC_OPTIMIZATION_LEVEL = 0;
				GCC_PREPROCESSOR_DEFINITIONS = (
					"DEBUG=1",
					"$(inherited)",
				);
				GCC_WARN_64_TO_32_BIT_CONVERSION = YES;
				GCC_WARN_ABOUT_RETURN_TYPE = YES_ERROR;
				GCC_WARN_UNDECLARED_SELECTOR = YES;
				GCC_WARN_UNINITIALIZED_AUTOS = YES_AGGRESSIVE;
				GCC_WARN_UNUSED_FUNCTION = YES;
				GCC_WARN_UNUSED_VARIABLE = YES;
				IPHONEOS_DEPLOYMENT_TARGET = 11.0;
				MTL_ENABLE_DEBUG_INFO = YES;
				ONLY_ACTIVE_ARCH = YES;
				SDKROOT = iphoneos;
				SWIFT_ACTIVE_COMPILATION_CONDITIONS = DEBUG;
				SWIFT_OPTIMIZATION_LEVEL = "-Onone";
			};
			name = Debug;
		};
		A43B1C8F1F8480970067B012 /* Release */ = {
			isa = XCBuildConfiguration;
			buildSettings = {
				ALWAYS_SEARCH_USER_PATHS = NO;
				CLANG_ANALYZER_NONNULL = YES;
				CLANG_ANALYZER_NUMBER_OBJECT_CONVERSION = YES_AGGRESSIVE;
				CLANG_CXX_LANGUAGE_STANDARD = "gnu++14";
				CLANG_CXX_LIBRARY = "libc++";
				CLANG_ENABLE_MODULES = YES;
				CLANG_ENABLE_OBJC_ARC = YES;
				CLANG_WARN_BLOCK_CAPTURE_AUTORELEASING = YES;
				CLANG_WARN_BOOL_CONVERSION = YES;
				CLANG_WARN_COMMA = YES;
				CLANG_WARN_CONSTANT_CONVERSION = YES;
				CLANG_WARN_DIRECT_OBJC_ISA_USAGE = YES_ERROR;
				CLANG_WARN_DOCUMENTATION_COMMENTS = YES;
				CLANG_WARN_EMPTY_BODY = YES;
				CLANG_WARN_ENUM_CONVERSION = YES;
				CLANG_WARN_INFINITE_RECURSION = YES;
				CLANG_WARN_INT_CONVERSION = YES;
				CLANG_WARN_NON_LITERAL_NULL_CONVERSION = YES;
				CLANG_WARN_OBJC_LITERAL_CONVERSION = YES;
				CLANG_WARN_OBJC_ROOT_CLASS = YES_ERROR;
				CLANG_WARN_RANGE_LOOP_ANALYSIS = YES;
				CLANG_WARN_STRICT_PROTOTYPES = YES;
				CLANG_WARN_SUSPICIOUS_MOVE = YES;
				CLANG_WARN_UNGUARDED_AVAILABILITY = YES_AGGRESSIVE;
				CLANG_WARN_UNREACHABLE_CODE = YES;
				CLANG_WARN__DUPLICATE_METHOD_MATCH = YES;
				CODE_SIGN_IDENTITY = "iPhone Developer";
				COPY_PHASE_STRIP = NO;
				DEBUG_INFORMATION_FORMAT = "dwarf-with-dsym";
				ENABLE_NS_ASSERTIONS = NO;
				ENABLE_STRICT_OBJC_MSGSEND = YES;
				GCC_C_LANGUAGE_STANDARD = gnu11;
				GCC_NO_COMMON_BLOCKS = YES;
				GCC_WARN_64_TO_32_BIT_CONVERSION = YES;
				GCC_WARN_ABOUT_RETURN_TYPE = YES_ERROR;
				GCC_WARN_UNDECLARED_SELECTOR = YES;
				GCC_WARN_UNINITIALIZED_AUTOS = YES_AGGRESSIVE;
				GCC_WARN_UNUSED_FUNCTION = YES;
				GCC_WARN_UNUSED_VARIABLE = YES;
				IPHONEOS_DEPLOYMENT_TARGET = 11.0;
				MTL_ENABLE_DEBUG_INFO = NO;
				SDKROOT = iphoneos;
				SWIFT_OPTIMIZATION_LEVEL = "-Owholemodule";
				VALIDATE_PRODUCT = YES;
			};
			name = Release;
		};
		A43B1C911F8480970067B012 /* Debug */ = {
			isa = XCBuildConfiguration;
			buildSettings = {
				ASSETCATALOG_COMPILER_APPICON_NAME = AppIcon;
				CODE_SIGN_STYLE = Automatic;
				FRAMEWORK_SEARCH_PATHS = "$(SRCROOT)/Carthage/Build/iOS";
				INFOPLIST_FILE = SearchPhotozouAPI/resources/Info.plist;
				LD_RUNPATH_SEARCH_PATHS = "$(inherited) @executable_path/Frameworks";
				PRODUCT_BUNDLE_IDENTIFIER = "jp.co.n-kamimura-septeni-original.-017-SearchPhotozouAPI";
				PRODUCT_NAME = "$(TARGET_NAME)";
				SWIFT_VERSION = 4.0;
				TARGETED_DEVICE_FAMILY = "1,2";
			};
			name = Debug;
		};
		A43B1C921F8480970067B012 /* Release */ = {
			isa = XCBuildConfiguration;
			buildSettings = {
				ASSETCATALOG_COMPILER_APPICON_NAME = AppIcon;
				CODE_SIGN_STYLE = Automatic;
				FRAMEWORK_SEARCH_PATHS = "$(SRCROOT)/Carthage/Build/iOS";
				INFOPLIST_FILE = SearchPhotozouAPI/resources/Info.plist;
				LD_RUNPATH_SEARCH_PATHS = "$(inherited) @executable_path/Frameworks";
				PRODUCT_BUNDLE_IDENTIFIER = "jp.co.n-kamimura-septeni-original.-017-SearchPhotozouAPI";
				PRODUCT_NAME = "$(TARGET_NAME)";
				SWIFT_VERSION = 4.0;
				TARGETED_DEVICE_FAMILY = "1,2";
			};
			name = Release;
		};
		A43B1C941F8480970067B012 /* Debug */ = {
			isa = XCBuildConfiguration;
			buildSettings = {
				ALWAYS_EMBED_SWIFT_STANDARD_LIBRARIES = YES;
				BUNDLE_LOADER = "$(TEST_HOST)";
				CODE_SIGN_STYLE = Automatic;
				FRAMEWORK_SEARCH_PATHS = (
					"$(inherited)",
					"$(PROJECT_DIR)/Carthage/Build/iOS",
				);
				INFOPLIST_FILE = 2017_iOSTrainingTests/Info.plist;
				LD_RUNPATH_SEARCH_PATHS = "$(inherited) @executable_path/Frameworks @loader_path/Frameworks";
				PRODUCT_BUNDLE_IDENTIFIER = "jp.co.n-kamimura-septeni-original.-017-iOSTrainingTests";
				PRODUCT_NAME = "$(TARGET_NAME)";
				SWIFT_VERSION = 4.0;
				TARGETED_DEVICE_FAMILY = "1,2";
				TEST_HOST = "$(BUILT_PRODUCTS_DIR)/SearchPhotozouAPI.app/SearchPhotozouAPI";
			};
			name = Debug;
		};
		A43B1C951F8480970067B012 /* Release */ = {
			isa = XCBuildConfiguration;
			buildSettings = {
				ALWAYS_EMBED_SWIFT_STANDARD_LIBRARIES = YES;
				BUNDLE_LOADER = "$(TEST_HOST)";
				CODE_SIGN_STYLE = Automatic;
				FRAMEWORK_SEARCH_PATHS = (
					"$(inherited)",
					"$(PROJECT_DIR)/Carthage/Build/iOS",
				);
				INFOPLIST_FILE = 2017_iOSTrainingTests/Info.plist;
				LD_RUNPATH_SEARCH_PATHS = "$(inherited) @executable_path/Frameworks @loader_path/Frameworks";
				PRODUCT_BUNDLE_IDENTIFIER = "jp.co.n-kamimura-septeni-original.-017-iOSTrainingTests";
				PRODUCT_NAME = "$(TARGET_NAME)";
				SWIFT_VERSION = 4.0;
				TARGETED_DEVICE_FAMILY = "1,2";
				TEST_HOST = "$(BUILT_PRODUCTS_DIR)/SearchPhotozouAPI.app/SearchPhotozouAPI";
			};
			name = Release;
		};
/* End XCBuildConfiguration section */

/* Begin XCConfigurationList section */
		A43B1C6E1F8480960067B012 /* Build configuration list for PBXProject "SearchPhotozouAPI" */ = {
			isa = XCConfigurationList;
			buildConfigurations = (
				A43B1C8E1F8480970067B012 /* Debug */,
				A43B1C8F1F8480970067B012 /* Release */,
			);
			defaultConfigurationIsVisible = 0;
			defaultConfigurationName = Release;
		};
		A43B1C901F8480970067B012 /* Build configuration list for PBXNativeTarget "SearchPhotozouAPI" */ = {
			isa = XCConfigurationList;
			buildConfigurations = (
				A43B1C911F8480970067B012 /* Debug */,
				A43B1C921F8480970067B012 /* Release */,
			);
			defaultConfigurationIsVisible = 0;
			defaultConfigurationName = Release;
		};
		A43B1C931F8480970067B012 /* Build configuration list for PBXNativeTarget "SearchPhotozouAPITests" */ = {
			isa = XCConfigurationList;
			buildConfigurations = (
				A43B1C941F8480970067B012 /* Debug */,
				A43B1C951F8480970067B012 /* Release */,
			);
			defaultConfigurationIsVisible = 0;
			defaultConfigurationName = Release;
		};
/* End XCConfigurationList section */
	};
	rootObject = A43B1C6B1F8480960067B012 /* Project object */;
}
